
Microsoft Visual Studio Solution File, Format Version 12.00
# Visual Studio 2012
Project("{FAE04EC0-301F-11D3-BF4B-00C04F79EFBC}") = "Firework", "Firework\Firework.csproj", "{FAAC8FC3-0FEB-4E15-A34D-B92F658B16AD}"
EndProject
Global
	GlobalSection(SolutionConfigurationPlatforms) = preSolution
		Debug|Any CPU = Debug|Any CPU
		Release|Any CPU = Release|Any CPU
	EndGlobalSection
	GlobalSection(ProjectConfigurationPlatforms) = postSolution
		{FAAC8FC3-0FEB-4E15-A34D-B92F658B16AD}.Debug|Any CPU.ActiveCfg = Debug|Any CPU
		{FAAC8FC3-0FEB-4E15-A34D-B92F658B16AD}.Debug|Any CPU.Build.0 = Debug|Any CPU
		{FAAC8FC3-0FEB-4E15-A34D-B92F658B16AD}.Release|Any CPU.ActiveCfg = Release|Any CPU
		{FAAC8FC3-0FEB-4E15-A34D-B92F658B16AD}.Release|Any CPU.Build.0 = Release|Any CPU
	EndGlobalSection
	GlobalSection(SolutionProperties) = preSolution
		HideSolutionNode = FALSE
	EndGlobalSection
EndGlobal
